
Microsoft Visual Studio Solution File, Format Version 12.00
# Visual Studio Version 17
VisualStudioVersion = 17.5.002.0
MinimumVisualStudioVersion = 10.0.40219.1
Project("{2150E333-8FDC-42A3-9474-1A3956D46DE8}") = "Labfiles", "Labfiles", "{8B976BF6-3FBD-4F62-854B-2C1B39F095B4}"
EndProject
Project("{2150E333-8FDC-42A3-9474-1A3956D46DE8}") = "01-analyze-images", "01-analyze-images", "{46A403CA-0400-4D5C-B26F-C26E6635E705}"
EndProject
Project("{2150E333-8FDC-42A3-9474-1A3956D46DE8}") = "C-Sharp", "C-Sharp", "{C393B5D9-503C-4FA1-B185-63B9E8F6C8FF}"
EndProject
Project("{9A19103F-16F7-4668-BE54-9A1E7A4F7556}") = "image-analysis", "Labfiles\01-analyze-images\C-Sharp\image-analysis\image-analysis.csproj", "{77F4942C-2516-411C-B598-BE502613089E}"
EndProject
Project("{2150E333-8FDC-42A3-9474-1A3956D46DE8}") = "03-object-detection", "03-object-detection", "{881717B3-DC7F-4AF0-9E0A-1656AE35A617}"
EndProject
Project("{2150E333-8FDC-42A3-9474-1A3956D46DE8}") = "C-Sharp", "C-Sharp", "{39276AFA-545C-47DA-A7F8-6D5EE697A2E2}"
EndProject
Project("{9A19103F-16F7-4668-BE54-9A1E7A4F7556}") = "test-detector", "Labfiles\03-object-detection\C-Sharp\test-detector\test-detector.csproj", "{C286038E-1239-467F-B33D-EB1CA3BF301C}"
EndProject
Project("{9A19103F-16F7-4668-BE54-9A1E7A4F7556}") = "train-detector", "Labfiles\03-object-detection\C-Sharp\train-detector\train-detector.csproj", "{9D3F802D-1F0D-4622-83E0-5997E813BF03}"
EndProject
Project("{2150E333-8FDC-42A3-9474-1A3956D46DE8}") = "04-face", "04-face", "{E46302F8-A92E-4573-86E0-2BA9561DA29B}"
EndProject
Project("{2150E333-8FDC-42A3-9474-1A3956D46DE8}") = "C-Sharp", "C-Sharp", "{2F53F0E0-6659-4406-A8DE-432E048F841E}"
EndProject
Project("{9A19103F-16F7-4668-BE54-9A1E7A4F7556}") = "detect-people", "Labfiles\04-face\C-Sharp\computer-vision\detect-people.csproj", "{DED70F50-5616-43C1-84CA-442AA2C584CF}"
EndProject
Project("{9A19103F-16F7-4668-BE54-9A1E7A4F7556}") = "analyze-faces", "Labfiles\04-face\C-Sharp\face-api\analyze-faces.csproj", "{AF8F5BC7-E4E1-4435-A096-FF1DAC61E956}"
EndProject
Project("{2150E333-8FDC-42A3-9474-1A3956D46DE8}") = "05-ocr", "05-ocr", "{E5C2D842-AD63-4DCF-BC92-52089F456540}"
EndProject
Project("{2150E333-8FDC-42A3-9474-1A3956D46DE8}") = "C-Sharp", "C-Sharp", "{B8EEF86C-5395-46D6-B52F-2709D9E335C5}"
EndProject
Project("{9A19103F-16F7-4668-BE54-9A1E7A4F7556}") = "read-text", "Labfiles\05-ocr\C-Sharp\read-text\read-text.csproj", "{653FE10F-DFFD-4DDB-B657-B36A5377E395}"
EndProject
Project("{2150E333-8FDC-42A3-9474-1A3956D46DE8}") = "07-custom-vision-image-classification", "07-custom-vision-image-classification", "{6686A0FA-1BDF-4238-8FFE-AC5715E8AD59}"
EndProject
Project("{2150E333-8FDC-42A3-9474-1A3956D46DE8}") = "C-Sharp", "C-Sharp", "{5C274E68-1D27-4FC9-8166-5C939D09E545}"
EndProject
Project("{9A19103F-16F7-4668-BE54-9A1E7A4F7556}") = "test-classifier", "Labfiles\07-custom-vision-image-classification\C-Sharp\test-classifier\test-classifier.csproj", "{CD6253B1-9E2D-4AFA-851B-9EDD0A678ACF}"
EndProject
Project("{9A19103F-16F7-4668-BE54-9A1E7A4F7556}") = "train-classifier", "Labfiles\07-custom-vision-image-classification\C-Sharp\train-classifier\train-classifier.csproj", "{8CF018F8-B7AC-4DE8-BA03-18F5CEC9098C}"
EndProject
Global
	GlobalSection(SolutionConfigurationPlatforms) = preSolution
		Debug|Any CPU = Debug|Any CPU
		Release|Any CPU = Release|Any CPU
	EndGlobalSection
	GlobalSection(ProjectConfigurationPlatforms) = postSolution
		{77F4942C-2516-411C-B598-BE502613089E}.Debug|Any CPU.ActiveCfg = Debug|Any CPU
		{77F4942C-2516-411C-B598-BE502613089E}.Debug|Any CPU.Build.0 = Debug|Any CPU
		{77F4942C-2516-411C-B598-BE502613089E}.Release|Any CPU.ActiveCfg = Release|Any CPU
		{77F4942C-2516-411C-B598-BE502613089E}.Release|Any CPU.Build.0 = Release|Any CPU
		{C286038E-1239-467F-B33D-EB1CA3BF301C}.Debug|Any CPU.ActiveCfg = Debug|Any CPU
		{C286038E-1239-467F-B33D-EB1CA3BF301C}.Debug|Any CPU.Build.0 = Debug|Any CPU
		{C286038E-1239-467F-B33D-EB1CA3BF301C}.Release|Any CPU.ActiveCfg = Release|Any CPU
		{C286038E-1239-467F-B33D-EB1CA3BF301C}.Release|Any CPU.Build.0 = Release|Any CPU
		{9D3F802D-1F0D-4622-83E0-5997E813BF03}.Debug|Any CPU.ActiveCfg = Debug|Any CPU
		{9D3F802D-1F0D-4622-83E0-5997E813BF03}.Debug|Any CPU.Build.0 = Debug|Any CPU
		{9D3F802D-1F0D-4622-83E0-5997E813BF03}.Release|Any CPU.ActiveCfg = Release|Any CPU
		{9D3F802D-1F0D-4622-83E0-5997E813BF03}.Release|Any CPU.Build.0 = Release|Any CPU
		{DED70F50-5616-43C1-84CA-442AA2C584CF}.Debug|Any CPU.ActiveCfg = Debug|Any CPU
		{DED70F50-5616-43C1-84CA-442AA2C584CF}.Debug|Any CPU.Build.0 = Debug|Any CPU
		{DED70F50-5616-43C1-84CA-442AA2C584CF}.Release|Any CPU.ActiveCfg = Release|Any CPU
		{DED70F50-5616-43C1-84CA-442AA2C584CF}.Release|Any CPU.Build.0 = Release|Any CPU
		{AF8F5BC7-E4E1-4435-A096-FF1DAC61E956}.Debug|Any CPU.ActiveCfg = Debug|Any CPU
		{AF8F5BC7-E4E1-4435-A096-FF1DAC61E956}.Debug|Any CPU.Build.0 = Debug|Any CPU
		{AF8F5BC7-E4E1-4435-A096-FF1DAC61E956}.Release|Any CPU.ActiveCfg = Release|Any CPU
		{AF8F5BC7-E4E1-4435-A096-FF1DAC61E956}.Release|Any CPU.Build.0 = Release|Any CPU
		{653FE10F-DFFD-4DDB-B657-B36A5377E395}.Debug|Any CPU.ActiveCfg = Debug|Any CPU
		{653FE10F-DFFD-4DDB-B657-B36A5377E395}.Debug|Any CPU.Build.0 = Debug|Any CPU
		{653FE10F-DFFD-4DDB-B657-B36A5377E395}.Release|Any CPU.ActiveCfg = Release|Any CPU
		{653FE10F-DFFD-4DDB-B657-B36A5377E395}.Release|Any CPU.Build.0 = Release|Any CPU
		{CD6253B1-9E2D-4AFA-851B-9EDD0A678ACF}.Debug|Any CPU.ActiveCfg = Debug|Any CPU
		{CD6253B1-9E2D-4AFA-851B-9EDD0A678ACF}.Debug|Any CPU.Build.0 = Debug|Any CPU
		{CD6253B1-9E2D-4AFA-851B-9EDD0A678ACF}.Release|Any CPU.ActiveCfg = Release|Any CPU
		{CD6253B1-9E2D-4AFA-851B-9EDD0A678ACF}.Release|Any CPU.Build.0 = Release|Any CPU
		{8CF018F8-B7AC-4DE8-BA03-18F5CEC9098C}.Debug|Any CPU.ActiveCfg = Debug|Any CPU
		{8CF018F8-B7AC-4DE8-BA03-18F5CEC9098C}.Debug|Any CPU.Build.0 = Debug|Any CPU
		{8CF018F8-B7AC-4DE8-BA03-18F5CEC9098C}.Release|Any CPU.ActiveCfg = Release|Any CPU
		{8CF018F8-B7AC-4DE8-BA03-18F5CEC9098C}.Release|Any CPU.Build.0 = Release|Any CPU
	EndGlobalSection
	GlobalSection(SolutionProperties) = preSolution
		HideSolutionNode = FALSE
	EndGlobalSection
	GlobalSection(NestedProjects) = preSolution
		{46A403CA-0400-4D5C-B26F-C26E6635E705} = {8B976BF6-3FBD-4F62-854B-2C1B39F095B4}
		{C393B5D9-503C-4FA1-B185-63B9E8F6C8FF} = {46A403CA-0400-4D5C-B26F-C26E6635E705}
		{77F4942C-2516-411C-B598-BE502613089E} = {C393B5D9-503C-4FA1-B185-63B9E8F6C8FF}
		{881717B3-DC7F-4AF0-9E0A-1656AE35A617} = {8B976BF6-3FBD-4F62-854B-2C1B39F095B4}
		{39276AFA-545C-47DA-A7F8-6D5EE697A2E2} = {881717B3-DC7F-4AF0-9E0A-1656AE35A617}
		{C286038E-1239-467F-B33D-EB1CA3BF301C} = {39276AFA-545C-47DA-A7F8-6D5EE697A2E2}
		{9D3F802D-1F0D-4622-83E0-5997E813BF03} = {39276AFA-545C-47DA-A7F8-6D5EE697A2E2}
		{E46302F8-A92E-4573-86E0-2BA9561DA29B} = {8B976BF6-3FBD-4F62-854B-2C1B39F095B4}
		{2F53F0E0-6659-4406-A8DE-432E048F841E} = {E46302F8-A92E-4573-86E0-2BA9561DA29B}
		{DED70F50-5616-43C1-84CA-442AA2C584CF} = {2F53F0E0-6659-4406-A8DE-432E048F841E}
		{AF8F5BC7-E4E1-4435-A096-FF1DAC61E956} = {2F53F0E0-6659-4406-A8DE-432E048F841E}
		{E5C2D842-AD63-4DCF-BC92-52089F456540} = {8B976BF6-3FBD-4F62-854B-2C1B39F095B4}
		{B8EEF86C-5395-46D6-B52F-2709D9E335C5} = {E5C2D842-AD63-4DCF-BC92-52089F456540}
		{653FE10F-DFFD-4DDB-B657-B36A5377E395} = {B8EEF86C-5395-46D6-B52F-2709D9E335C5}
		{6686A0FA-1BDF-4238-8FFE-AC5715E8AD59} = {8B976BF6-3FBD-4F62-854B-2C1B39F095B4}
		{5C274E68-1D27-4FC9-8166-5C939D09E545} = {6686A0FA-1BDF-4238-8FFE-AC5715E8AD59}
		{CD6253B1-9E2D-4AFA-851B-9EDD0A678ACF} = {5C274E68-1D27-4FC9-8166-5C939D09E545}
		{8CF018F8-B7AC-4DE8-BA03-18F5CEC9098C} = {5C274E68-1D27-4FC9-8166-5C939D09E545}
	EndGlobalSection
	GlobalSection(ExtensibilityGlobals) = postSolution
		SolutionGuid = {C408016B-B08A-4EC7-88F3-AD35C9B437C7}
	EndGlobalSection
EndGlobal
